
Microsoft Visual Studio Solution File, Format Version 12.00
# Visual Studio Version 17
VisualStudioVersion = 17.5.33516.290
MinimumVisualStudioVersion = 10.0.40219.1
Project("{54A90642-561A-4BB1-A94E-469ADEE60C69}") = "angularapp", "angularapp\angularapp.esproj", "{1FECBB9A-9E35-4CDC-ACBA-DC1CADB8EFE2}"
EndProject
Project("{9A19103F-16F7-4668-BE54-9A1E7A4F7556}") = "webapi", "webapi\webapi.csproj", "{5DD88A69-B4DC-4A5B-864B-A1AC3E1691DC}"
EndProject
Project("{9A19103F-16F7-4668-BE54-9A1E7A4F7556}") = "Data", "Data\Data.csproj", "{B20BAB64-EF33-4D48-A38E-BAE0D266AE66}"
EndProject
Global
	GlobalSection(SolutionConfigurationPlatforms) = preSolution
		Debug|Any CPU = Debug|Any CPU
		Release|Any CPU = Release|Any CPU
	EndGlobalSection
	GlobalSection(ProjectConfigurationPlatforms) = postSolution
		{1FECBB9A-9E35-4CDC-ACBA-DC1CADB8EFE2}.Debug|Any CPU.ActiveCfg = Debug|Any CPU
		{1FECBB9A-9E35-4CDC-ACBA-DC1CADB8EFE2}.Debug|Any CPU.Build.0 = Debug|Any CPU
		{1FECBB9A-9E35-4CDC-ACBA-DC1CADB8EFE2}.Debug|Any CPU.Deploy.0 = Debug|Any CPU
		{1FECBB9A-9E35-4CDC-ACBA-DC1CADB8EFE2}.Release|Any CPU.ActiveCfg = Release|Any CPU
		{1FECBB9A-9E35-4CDC-ACBA-DC1CADB8EFE2}.Release|Any CPU.Build.0 = Release|Any CPU
		{1FECBB9A-9E35-4CDC-ACBA-DC1CADB8EFE2}.Release|Any CPU.Deploy.0 = Release|Any CPU
		{5DD88A69-B4DC-4A5B-864B-A1AC3E1691DC}.Debug|Any CPU.ActiveCfg = Debug|Any CPU
		{5DD88A69-B4DC-4A5B-864B-A1AC3E1691DC}.Debug|Any CPU.Build.0 = Debug|Any CPU
		{5DD88A69-B4DC-4A5B-864B-A1AC3E1691DC}.Release|Any CPU.ActiveCfg = Release|Any CPU
		{5DD88A69-B4DC-4A5B-864B-A1AC3E1691DC}.Release|Any CPU.Build.0 = Release|Any CPU
		{B20BAB64-EF33-4D48-A38E-BAE0D266AE66}.Debug|Any CPU.ActiveCfg = Debug|Any CPU
		{B20BAB64-EF33-4D48-A38E-BAE0D266AE66}.Debug|Any CPU.Build.0 = Debug|Any CPU
		{B20BAB64-EF33-4D48-A38E-BAE0D266AE66}.Release|Any CPU.ActiveCfg = Release|Any CPU
		{B20BAB64-EF33-4D48-A38E-BAE0D266AE66}.Release|Any CPU.Build.0 = Release|Any CPU
	EndGlobalSection
	GlobalSection(SolutionProperties) = preSolution
		HideSolutionNode = FALSE
	EndGlobalSection
	GlobalSection(ExtensibilityGlobals) = postSolution
		SolutionGuid = {DEA6394C-B852-444E-9891-FD99489C428F}
	EndGlobalSection
EndGlobal
